// !$*UTF8*$!
{
	archiveVersion = 1;
	classes = {
	};
	objectVersion = 56;
	objects = {

/* Begin PBXBuildFile section */
		45417ABA28D5DBBA00922F92 /* FirebaseFirestoreSwift in Frameworks */ = {isa = PBXBuildFile; productRef = 45417AB928D5DBBA00922F92 /* FirebaseFirestoreSwift */; };
		4594ADA928D52A3C00CD2456 /* StickerMateApp.swift in Sources */ = {isa = PBXBuildFile; fileRef = 4594ADA828D52A3C00CD2456 /* StickerMateApp.swift */; };
		4594ADAB28D52A3C00CD2456 /* ContentView.swift in Sources */ = {isa = PBXBuildFile; fileRef = 4594ADAA28D52A3C00CD2456 /* ContentView.swift */; };
		4594ADAD28D52A3D00CD2456 /* Assets.xcassets in Resources */ = {isa = PBXBuildFile; fileRef = 4594ADAC28D52A3D00CD2456 /* Assets.xcassets */; };
		4594ADB028D52A3D00CD2456 /* Preview Assets.xcassets in Resources */ = {isa = PBXBuildFile; fileRef = 4594ADAF28D52A3D00CD2456 /* Preview Assets.xcassets */; };
		4594ADB828D52B6200CD2456 /* SlideOverCard in Frameworks */ = {isa = PBXBuildFile; productRef = 4594ADB728D52B6200CD2456 /* SlideOverCard */; };
		4594ADBB28D5321F00CD2456 /* ProfileCard.swift in Sources */ = {isa = PBXBuildFile; fileRef = 4594ADBA28D5321F00CD2456 /* ProfileCard.swift */; };
		4594ADBD28D5331100CD2456 /* Extensions.swift in Sources */ = {isa = PBXBuildFile; fileRef = 4594ADBC28D5331100CD2456 /* Extensions.swift */; };
		4594ADC328D53BA400CD2456 /* PageSheet in Frameworks */ = {isa = PBXBuildFile; productRef = 4594ADC228D53BA400CD2456 /* PageSheet */; };
		4594ADC528D5832700CD2456 /* StickerCard.swift in Sources */ = {isa = PBXBuildFile; fileRef = 4594ADC428D5832700CD2456 /* StickerCard.swift */; };
		4594ADC728D5894E00CD2456 /* ProfileView.swift in Sources */ = {isa = PBXBuildFile; fileRef = 4594ADC628D5894E00CD2456 /* ProfileView.swift */; };
		4594ADCA28D593B800CD2456 /* SFSafeSymbols in Frameworks */ = {isa = PBXBuildFile; productRef = 4594ADC928D593B800CD2456 /* SFSafeSymbols */; };
		4594ADCC28D59AD700CD2456 /* MacView.swift in Sources */ = {isa = PBXBuildFile; fileRef = 4594ADCB28D59AD700CD2456 /* MacView.swift */; };
		4594ADCE28D5BA8700CD2456 /* QrCodeScanner.swift in Sources */ = {isa = PBXBuildFile; fileRef = 4594ADCD28D5BA8700CD2456 /* QrCodeScanner.swift */; };
		4594ADD128D5BBE200CD2456 /* CodeScanner in Frameworks */ = {isa = PBXBuildFile; productRef = 4594ADD028D5BBE200CD2456 /* CodeScanner */; };
		4594ADEE28D5D23C00CD2456 /* FirebaseFirestore in Frameworks */ = {isa = PBXBuildFile; productRef = 4594ADED28D5D23C00CD2456 /* FirebaseFirestore */; };
		4594ADF028D5D56E00CD2456 /* GoogleService-Info.plist in Resources */ = {isa = PBXBuildFile; fileRef = 4594ADEF28D5D56E00CD2456 /* GoogleService-Info.plist */; };
		CBB00D0228D5853F00003553 /* StickerBadge.swift in Sources */ = {isa = PBXBuildFile; fileRef = CBB00D0128D5853F00003553 /* StickerBadge.swift */; };
		CBB00D0A28D58A9700003553 /* GlossEffect.swift in Sources */ = {isa = PBXBuildFile; fileRef = CBB00D0928D58A9700003553 /* GlossEffect.swift */; };
		CBB00D0C28D5A57D00003553 /* CustomSheet.swift in Sources */ = {isa = PBXBuildFile; fileRef = CBB00D0B28D5A57D00003553 /* CustomSheet.swift */; };
		CBB00D1128D5D12E00003553 /* User.swift in Sources */ = {isa = PBXBuildFile; fileRef = CBB00D1028D5D12E00003553 /* User.swift */; };
		CBB00D1328D5D1D300003553 /* Sticker.swift in Sources */ = {isa = PBXBuildFile; fileRef = CBB00D1228D5D1D300003553 /* Sticker.swift */; };
		CBB00D1528D5D1DA00003553 /* Event.swift in Sources */ = {isa = PBXBuildFile; fileRef = CBB00D1428D5D1DA00003553 /* Event.swift */; };
/* End PBXBuildFile section */

/* Begin PBXFileReference section */
		4594ADA528D52A3C00CD2456 /* StickerMate.app */ = {isa = PBXFileReference; explicitFileType = wrapper.application; includeInIndex = 0; path = StickerMate.app; sourceTree = BUILT_PRODUCTS_DIR; };
		4594ADA828D52A3C00CD2456 /* StickerMateApp.swift */ = {isa = PBXFileReference; lastKnownFileType = sourcecode.swift; path = StickerMateApp.swift; sourceTree = "<group>"; };
		4594ADAA28D52A3C00CD2456 /* ContentView.swift */ = {isa = PBXFileReference; lastKnownFileType = sourcecode.swift; path = ContentView.swift; sourceTree = "<group>"; };
		4594ADAC28D52A3D00CD2456 /* Assets.xcassets */ = {isa = PBXFileReference; lastKnownFileType = folder.assetcatalog; path = Assets.xcassets; sourceTree = "<group>"; };
		4594ADAF28D52A3D00CD2456 /* Preview Assets.xcassets */ = {isa = PBXFileReference; lastKnownFileType = folder.assetcatalog; path = "Preview Assets.xcassets"; sourceTree = "<group>"; };
		4594ADBA28D5321F00CD2456 /* ProfileCard.swift */ = {isa = PBXFileReference; lastKnownFileType = sourcecode.swift; path = ProfileCard.swift; sourceTree = "<group>"; };
		4594ADBC28D5331100CD2456 /* Extensions.swift */ = {isa = PBXFileReference; lastKnownFileType = sourcecode.swift; path = Extensions.swift; sourceTree = "<group>"; };
		4594ADC428D5832700CD2456 /* StickerCard.swift */ = {isa = PBXFileReference; lastKnownFileType = sourcecode.swift; path = StickerCard.swift; sourceTree = "<group>"; };
		4594ADC628D5894E00CD2456 /* ProfileView.swift */ = {isa = PBXFileReference; lastKnownFileType = sourcecode.swift; path = ProfileView.swift; sourceTree = "<group>"; };
		4594ADCB28D59AD700CD2456 /* MacView.swift */ = {isa = PBXFileReference; lastKnownFileType = sourcecode.swift; path = MacView.swift; sourceTree = "<group>"; };
		4594ADCD28D5BA8700CD2456 /* QrCodeScanner.swift */ = {isa = PBXFileReference; lastKnownFileType = sourcecode.swift; path = QrCodeScanner.swift; sourceTree = "<group>"; };
		4594ADEF28D5D56E00CD2456 /* GoogleService-Info.plist */ = {isa = PBXFileReference; fileEncoding = 4; lastKnownFileType = text.plist.xml; path = "GoogleService-Info.plist"; sourceTree = "<group>"; };
		CBB00D0128D5853F00003553 /* StickerBadge.swift */ = {isa = PBXFileReference; lastKnownFileType = sourcecode.swift; path = StickerBadge.swift; sourceTree = "<group>"; };
		CBB00D0928D58A9700003553 /* GlossEffect.swift */ = {isa = PBXFileReference; lastKnownFileType = sourcecode.swift; path = GlossEffect.swift; sourceTree = "<group>"; };
		CBB00D0B28D5A57D00003553 /* CustomSheet.swift */ = {isa = PBXFileReference; lastKnownFileType = sourcecode.swift; path = CustomSheet.swift; sourceTree = "<group>"; };
		CBB00D1028D5D12E00003553 /* User.swift */ = {isa = PBXFileReference; lastKnownFileType = sourcecode.swift; path = User.swift; sourceTree = "<group>"; };
		CBB00D1228D5D1D300003553 /* Sticker.swift */ = {isa = PBXFileReference; lastKnownFileType = sourcecode.swift; path = Sticker.swift; sourceTree = "<group>"; };
		CBB00D1428D5D1DA00003553 /* Event.swift */ = {isa = PBXFileReference; lastKnownFileType = sourcecode.swift; path = Event.swift; sourceTree = "<group>"; };
/* End PBXFileReference section */

/* Begin PBXFrameworksBuildPhase section */
		4594ADA228D52A3C00CD2456 /* Frameworks */ = {
			isa = PBXFrameworksBuildPhase;
			buildActionMask = 2147483647;
			files = (
				4594ADD128D5BBE200CD2456 /* CodeScanner in Frameworks */,
				4594ADCA28D593B800CD2456 /* SFSafeSymbols in Frameworks */,
				4594ADB828D52B6200CD2456 /* SlideOverCard in Frameworks */,
				4594ADEE28D5D23C00CD2456 /* FirebaseFirestore in Frameworks */,
				4594ADC328D53BA400CD2456 /* PageSheet in Frameworks */,
				45417ABA28D5DBBA00922F92 /* FirebaseFirestoreSwift in Frameworks */,
			);
			runOnlyForDeploymentPostprocessing = 0;
		};
/* End PBXFrameworksBuildPhase section */

/* Begin PBXGroup section */
		45417AB828D5DBBA00922F92 /* Frameworks */ = {
			isa = PBXGroup;
			children = (
			);
			name = Frameworks;
			sourceTree = "<group>";
		};
		4594AD9C28D52A3C00CD2456 = {
			isa = PBXGroup;
			children = (
				4594ADA728D52A3C00CD2456 /* StickerMate */,
				4594ADA628D52A3C00CD2456 /* Products */,
				45417AB828D5DBBA00922F92 /* Frameworks */,
			);
			sourceTree = "<group>";
		};
		4594ADA628D52A3C00CD2456 /* Products */ = {
			isa = PBXGroup;
			children = (
				4594ADA528D52A3C00CD2456 /* StickerMate.app */,
			);
			name = Products;
			sourceTree = "<group>";
		};
		4594ADA728D52A3C00CD2456 /* StickerMate */ = {
			isa = PBXGroup;
			children = (
				CBB00D0F28D5D10900003553 /* Model */,
				4594ADB928D531EA00CD2456 /* views */,
				4594ADA828D52A3C00CD2456 /* StickerMateApp.swift */,
				4594ADAA28D52A3C00CD2456 /* ContentView.swift */,
				4594ADAC28D52A3D00CD2456 /* Assets.xcassets */,
				4594ADAE28D52A3D00CD2456 /* Preview Content */,
				4594ADBC28D5331100CD2456 /* Extensions.swift */,
				CBB00D0928D58A9700003553 /* GlossEffect.swift */,
				CBB00D0B28D5A57D00003553 /* CustomSheet.swift */,
				4594ADEF28D5D56E00CD2456 /* GoogleService-Info.plist */,
			);
			path = StickerMate;
			sourceTree = "<group>";
		};
		4594ADAE28D52A3D00CD2456 /* Preview Content */ = {
			isa = PBXGroup;
			children = (
				4594ADAF28D52A3D00CD2456 /* Preview Assets.xcassets */,
			);
			path = "Preview Content";
			sourceTree = "<group>";
		};
		4594ADB928D531EA00CD2456 /* views */ = {
			isa = PBXGroup;
			children = (
				4594ADBA28D5321F00CD2456 /* ProfileCard.swift */,
				4594ADC428D5832700CD2456 /* StickerCard.swift */,
				CBB00D0128D5853F00003553 /* StickerBadge.swift */,
				4594ADC628D5894E00CD2456 /* ProfileView.swift */,
				4594ADCB28D59AD700CD2456 /* MacView.swift */,
				4594ADCD28D5BA8700CD2456 /* QrCodeScanner.swift */,
			);
			path = views;
			sourceTree = "<group>";
		};
		CBB00D0F28D5D10900003553 /* Model */ = {
			isa = PBXGroup;
			children = (
				CBB00D1028D5D12E00003553 /* User.swift */,
				CBB00D1228D5D1D300003553 /* Sticker.swift */,
				CBB00D1428D5D1DA00003553 /* Event.swift */,
			);
			path = Model;
			sourceTree = "<group>";
		};
/* End PBXGroup section */

/* Begin PBXNativeTarget section */
		4594ADA428D52A3C00CD2456 /* StickerMate */ = {
			isa = PBXNativeTarget;
			buildConfigurationList = 4594ADB328D52A3D00CD2456 /* Build configuration list for PBXNativeTarget "StickerMate" */;
			buildPhases = (
				4594ADA128D52A3C00CD2456 /* Sources */,
				4594ADA228D52A3C00CD2456 /* Frameworks */,
				4594ADA328D52A3C00CD2456 /* Resources */,
			);
			buildRules = (
			);
			dependencies = (
			);
			name = StickerMate;
			packageProductDependencies = (
				4594ADB728D52B6200CD2456 /* SlideOverCard */,
				4594ADC228D53BA400CD2456 /* PageSheet */,
				4594ADC928D593B800CD2456 /* SFSafeSymbols */,
				4594ADD028D5BBE200CD2456 /* CodeScanner */,
				4594ADED28D5D23C00CD2456 /* FirebaseFirestore */,
				45417AB928D5DBBA00922F92 /* FirebaseFirestoreSwift */,
			);
			productName = StickerMate;
			productReference = 4594ADA528D52A3C00CD2456 /* StickerMate.app */;
			productType = "com.apple.product-type.application";
		};
/* End PBXNativeTarget section */

/* Begin PBXProject section */
		4594AD9D28D52A3C00CD2456 /* Project object */ = {
			isa = PBXProject;
			attributes = {
				BuildIndependentTargetsInParallel = 1;
				LastSwiftUpdateCheck = 1400;
				LastUpgradeCheck = 1400;
				TargetAttributes = {
					4594ADA428D52A3C00CD2456 = {
						CreatedOnToolsVersion = 14.0;
					};
				};
			};
			buildConfigurationList = 4594ADA028D52A3C00CD2456 /* Build configuration list for PBXProject "StickerMate" */;
			compatibilityVersion = "Xcode 14.0";
			developmentRegion = en;
			hasScannedForEncodings = 0;
			knownRegions = (
				en,
				Base,
			);
			mainGroup = 4594AD9C28D52A3C00CD2456;
			packageReferences = (
				4594ADB628D52B6200CD2456 /* XCRemoteSwiftPackageReference "SlideOverCard" */,
				4594ADC128D53BA400CD2456 /* XCRemoteSwiftPackageReference "BottomSheetView" */,
				4594ADC828D593B800CD2456 /* XCRemoteSwiftPackageReference "SFSafeSymbols" */,
				4594ADCF28D5BBE200CD2456 /* XCRemoteSwiftPackageReference "CodeScanner" */,
				4594ADEC28D5D23C00CD2456 /* XCRemoteSwiftPackageReference "firebase-ios-sdk" */,
			);
			productRefGroup = 4594ADA628D52A3C00CD2456 /* Products */;
			projectDirPath = "";
			projectRoot = "";
			targets = (
				4594ADA428D52A3C00CD2456 /* StickerMate */,
			);
		};
/* End PBXProject section */

/* Begin PBXResourcesBuildPhase section */
		4594ADA328D52A3C00CD2456 /* Resources */ = {
			isa = PBXResourcesBuildPhase;
			buildActionMask = 2147483647;
			files = (
				4594ADB028D52A3D00CD2456 /* Preview Assets.xcassets in Resources */,
				4594ADAD28D52A3D00CD2456 /* Assets.xcassets in Resources */,
				4594ADF028D5D56E00CD2456 /* GoogleService-Info.plist in Resources */,
			);
			runOnlyForDeploymentPostprocessing = 0;
		};
/* End PBXResourcesBuildPhase section */

/* Begin PBXSourcesBuildPhase section */
		4594ADA128D52A3C00CD2456 /* Sources */ = {
			isa = PBXSourcesBuildPhase;
			buildActionMask = 2147483647;
			files = (
				4594ADAB28D52A3C00CD2456 /* ContentView.swift in Sources */,
				CBB00D0A28D58A9700003553 /* GlossEffect.swift in Sources */,
				CBB00D0C28D5A57D00003553 /* CustomSheet.swift in Sources */,
				4594ADA928D52A3C00CD2456 /* StickerMateApp.swift in Sources */,
				4594ADBB28D5321F00CD2456 /* ProfileCard.swift in Sources */,
				CBB00D1328D5D1D300003553 /* Sticker.swift in Sources */,
				CBB00D0228D5853F00003553 /* StickerBadge.swift in Sources */,
				4594ADCC28D59AD700CD2456 /* MacView.swift in Sources */,
				4594ADCE28D5BA8700CD2456 /* QrCodeScanner.swift in Sources */,
				CBB00D1128D5D12E00003553 /* User.swift in Sources */,
				4594ADBD28D5331100CD2456 /* Extensions.swift in Sources */,
				4594ADC728D5894E00CD2456 /* ProfileView.swift in Sources */,
				CBB00D1528D5D1DA00003553 /* Event.swift in Sources */,
				4594ADC528D5832700CD2456 /* StickerCard.swift in Sources */,
			);
			runOnlyForDeploymentPostprocessing = 0;
		};
/* End PBXSourcesBuildPhase section */

/* Begin XCBuildConfiguration section */
		4594ADB128D52A3D00CD2456 /* Debug */ = {
			isa = XCBuildConfiguration;
			buildSettings = {
				ALWAYS_SEARCH_USER_PATHS = NO;
				CLANG_ANALYZER_NONNULL = YES;
				CLANG_ANALYZER_NUMBER_OBJECT_CONVERSION = YES_AGGRESSIVE;
				CLANG_CXX_LANGUAGE_STANDARD = "gnu++20";
				CLANG_ENABLE_MODULES = YES;
				CLANG_ENABLE_OBJC_ARC = YES;
				CLANG_ENABLE_OBJC_WEAK = YES;
				CLANG_WARN_BLOCK_CAPTURE_AUTORELEASING = YES;
				CLANG_WARN_BOOL_CONVERSION = YES;
				CLANG_WARN_COMMA = YES;
				CLANG_WARN_CONSTANT_CONVERSION = YES;
				CLANG_WARN_DEPRECATED_OBJC_IMPLEMENTATIONS = YES;
				CLANG_WARN_DIRECT_OBJC_ISA_USAGE = YES_ERROR;
				CLANG_WARN_DOCUMENTATION_COMMENTS = YES;
				CLANG_WARN_EMPTY_BODY = YES;
				CLANG_WARN_ENUM_CONVERSION = YES;
				CLANG_WARN_INFINITE_RECURSION = YES;
				CLANG_WARN_INT_CONVERSION = YES;
				CLANG_WARN_NON_LITERAL_NULL_CONVERSION = YES;
				CLANG_WARN_OBJC_IMPLICIT_RETAIN_SELF = YES;
				CLANG_WARN_OBJC_LITERAL_CONVERSION = YES;
				CLANG_WARN_OBJC_ROOT_CLASS = YES_ERROR;
				CLANG_WARN_QUOTED_INCLUDE_IN_FRAMEWORK_HEADER = YES;
				CLANG_WARN_RANGE_LOOP_ANALYSIS = YES;
				CLANG_WARN_STRICT_PROTOTYPES = YES;
				CLANG_WARN_SUSPICIOUS_MOVE = YES;
				CLANG_WARN_UNGUARDED_AVAILABILITY = YES_AGGRESSIVE;
				CLANG_WARN_UNREACHABLE_CODE = YES;
				CLANG_WARN__DUPLICATE_METHOD_MATCH = YES;
				COPY_PHASE_STRIP = NO;
				DEBUG_INFORMATION_FORMAT = dwarf;
				ENABLE_STRICT_OBJC_MSGSEND = YES;
				ENABLE_TESTABILITY = YES;
				GCC_C_LANGUAGE_STANDARD = gnu11;
				GCC_DYNAMIC_NO_PIC = NO;
				GCC_NO_COMMON_BLOCKS = YES;
				GCC_OPTIMIZATION_LEVEL = 0;
				GCC_PREPROCESSOR_DEFINITIONS = (
					"DEBUG=1",
					"$(inherited)",
				);
				GCC_WARN_64_TO_32_BIT_CONVERSION = YES;
				GCC_WARN_ABOUT_RETURN_TYPE = YES_ERROR;
				GCC_WARN_UNDECLARED_SELECTOR = YES;
				GCC_WARN_UNINITIALIZED_AUTOS = YES_AGGRESSIVE;
				GCC_WARN_UNUSED_FUNCTION = YES;
				GCC_WARN_UNUSED_VARIABLE = YES;
				IPHONEOS_DEPLOYMENT_TARGET = 16.0;
				MTL_ENABLE_DEBUG_INFO = INCLUDE_SOURCE;
				MTL_FAST_MATH = YES;
				ONLY_ACTIVE_ARCH = YES;
				SDKROOT = iphoneos;
				SWIFT_ACTIVE_COMPILATION_CONDITIONS = DEBUG;
				SWIFT_OPTIMIZATION_LEVEL = "-Onone";
			};
			name = Debug;
		};
		4594ADB228D52A3D00CD2456 /* Release */ = {
			isa = XCBuildConfiguration;
			buildSettings = {
				ALWAYS_SEARCH_USER_PATHS = NO;
				CLANG_ANALYZER_NONNULL = YES;
				CLANG_ANALYZER_NUMBER_OBJECT_CONVERSION = YES_AGGRESSIVE;
				CLANG_CXX_LANGUAGE_STANDARD = "gnu++20";
				CLANG_ENABLE_MODULES = YES;
				CLANG_ENABLE_OBJC_ARC = YES;
				CLANG_ENABLE_OBJC_WEAK = YES;
				CLANG_WARN_BLOCK_CAPTURE_AUTORELEASING = YES;
				CLANG_WARN_BOOL_CONVERSION = YES;
				CLANG_WARN_COMMA = YES;
				CLANG_WARN_CONSTANT_CONVERSION = YES;
				CLANG_WARN_DEPRECATED_OBJC_IMPLEMENTATIONS = YES;
				CLANG_WARN_DIRECT_OBJC_ISA_USAGE = YES_ERROR;
				CLANG_WARN_DOCUMENTATION_COMMENTS = YES;
				CLANG_WARN_EMPTY_BODY = YES;
				CLANG_WARN_ENUM_CONVERSION = YES;
				CLANG_WARN_INFINITE_RECURSION = YES;
				CLANG_WARN_INT_CONVERSION = YES;
				CLANG_WARN_NON_LITERAL_NULL_CONVERSION = YES;
				CLANG_WARN_OBJC_IMPLICIT_RETAIN_SELF = YES;
				CLANG_WARN_OBJC_LITERAL_CONVERSION = YES;
				CLANG_WARN_OBJC_ROOT_CLASS = YES_ERROR;
				CLANG_WARN_QUOTED_INCLUDE_IN_FRAMEWORK_HEADER = YES;
				CLANG_WARN_RANGE_LOOP_ANALYSIS = YES;
				CLANG_WARN_STRICT_PROTOTYPES = YES;
				CLANG_WARN_SUSPICIOUS_MOVE = YES;
				CLANG_WARN_UNGUARDED_AVAILABILITY = YES_AGGRESSIVE;
				CLANG_WARN_UNREACHABLE_CODE = YES;
				CLANG_WARN__DUPLICATE_METHOD_MATCH = YES;
				COPY_PHASE_STRIP = NO;
				DEBUG_INFORMATION_FORMAT = "dwarf-with-dsym";
				ENABLE_NS_ASSERTIONS = NO;
				ENABLE_STRICT_OBJC_MSGSEND = YES;
				GCC_C_LANGUAGE_STANDARD = gnu11;
				GCC_NO_COMMON_BLOCKS = YES;
				GCC_WARN_64_TO_32_BIT_CONVERSION = YES;
				GCC_WARN_ABOUT_RETURN_TYPE = YES_ERROR;
				GCC_WARN_UNDECLARED_SELECTOR = YES;
				GCC_WARN_UNINITIALIZED_AUTOS = YES_AGGRESSIVE;
				GCC_WARN_UNUSED_FUNCTION = YES;
				GCC_WARN_UNUSED_VARIABLE = YES;
				IPHONEOS_DEPLOYMENT_TARGET = 16.0;
				MTL_ENABLE_DEBUG_INFO = NO;
				MTL_FAST_MATH = YES;
				SDKROOT = iphoneos;
				SWIFT_COMPILATION_MODE = wholemodule;
				SWIFT_OPTIMIZATION_LEVEL = "-O";
				VALIDATE_PRODUCT = YES;
			};
			name = Release;
		};
		4594ADB428D52A3D00CD2456 /* Debug */ = {
			isa = XCBuildConfiguration;
			buildSettings = {
				ASSETCATALOG_COMPILER_APPICON_NAME = AppIcon;
				ASSETCATALOG_COMPILER_GLOBAL_ACCENT_COLOR_NAME = AccentColor;
				CODE_SIGN_STYLE = Automatic;
				CURRENT_PROJECT_VERSION = 1;
				DEVELOPMENT_ASSET_PATHS = "\"StickerMate/Preview Content\"";
				DEVELOPMENT_TEAM = E348R9JYR6;
				ENABLE_PREVIEWS = YES;
				GENERATE_INFOPLIST_FILE = YES;
				INFOPLIST_KEY_NSCameraUsageDescription = "StickerMate uses your camera to scan other peoples codes.";
				INFOPLIST_KEY_UIApplicationSceneManifest_Generation = YES;
				INFOPLIST_KEY_UIApplicationSupportsIndirectInputEvents = YES;
				INFOPLIST_KEY_UILaunchScreen_Generation = YES;
				INFOPLIST_KEY_UISupportedInterfaceOrientations_iPad = "UIInterfaceOrientationPortrait UIInterfaceOrientationPortraitUpsideDown UIInterfaceOrientationLandscapeLeft UIInterfaceOrientationLandscapeRight";
				INFOPLIST_KEY_UISupportedInterfaceOrientations_iPhone = "UIInterfaceOrientationPortrait UIInterfaceOrientationLandscapeLeft UIInterfaceOrientationLandscapeRight";
				LD_RUNPATH_SEARCH_PATHS = (
					"$(inherited)",
					"@executable_path/Frameworks",
				);
				MARKETING_VERSION = 1.0;
				PRODUCT_BUNDLE_IDENTIFIER = de.nocomment.StickerMate;
				PRODUCT_NAME = "$(TARGET_NAME)";
				SWIFT_EMIT_LOC_STRINGS = YES;
				SWIFT_VERSION = 5.0;
				TARGETED_DEVICE_FAMILY = "1,2";
			};
			name = Debug;
		};
		4594ADB528D52A3D00CD2456 /* Release */ = {
			isa = XCBuildConfiguration;
			buildSettings = {
				ASSETCATALOG_COMPILER_APPICON_NAME = AppIcon;
				ASSETCATALOG_COMPILER_GLOBAL_ACCENT_COLOR_NAME = AccentColor;
				CODE_SIGN_STYLE = Automatic;
				CURRENT_PROJECT_VERSION = 1;
				DEVELOPMENT_ASSET_PATHS = "\"StickerMate/Preview Content\"";
				DEVELOPMENT_TEAM = E348R9JYR6;
				ENABLE_PREVIEWS = YES;
				GENERATE_INFOPLIST_FILE = YES;
				INFOPLIST_KEY_NSCameraUsageDescription = "StickerMate uses your camera to scan other peoples codes.";
				INFOPLIST_KEY_UIApplicationSceneManifest_Generation = YES;
				INFOPLIST_KEY_UIApplicationSupportsIndirectInputEvents = YES;
				INFOPLIST_KEY_UILaunchScreen_Generation = YES;
				INFOPLIST_KEY_UISupportedInterfaceOrientations_iPad = "UIInterfaceOrientationPortrait UIInterfaceOrientationPortraitUpsideDown UIInterfaceOrientationLandscapeLeft UIInterfaceOrientationLandscapeRight";
				INFOPLIST_KEY_UISupportedInterfaceOrientations_iPhone = "UIInterfaceOrientationPortrait UIInterfaceOrientationLandscapeLeft UIInterfaceOrientationLandscapeRight";
				LD_RUNPATH_SEARCH_PATHS = (
					"$(inherited)",
					"@executable_path/Frameworks",
				);
				MARKETING_VERSION = 1.0;
				PRODUCT_BUNDLE_IDENTIFIER = de.nocomment.StickerMate;
				PRODUCT_NAME = "$(TARGET_NAME)";
				SWIFT_EMIT_LOC_STRINGS = YES;
				SWIFT_VERSION = 5.0;
				TARGETED_DEVICE_FAMILY = "1,2";
			};
			name = Release;
		};
/* End XCBuildConfiguration section */

/* Begin XCConfigurationList section */
		4594ADA028D52A3C00CD2456 /* Build configuration list for PBXProject "StickerMate" */ = {
			isa = XCConfigurationList;
			buildConfigurations = (
				4594ADB128D52A3D00CD2456 /* Debug */,
				4594ADB228D52A3D00CD2456 /* Release */,
			);
			defaultConfigurationIsVisible = 0;
			defaultConfigurationName = Release;
		};
		4594ADB328D52A3D00CD2456 /* Build configuration list for PBXNativeTarget "StickerMate" */ = {
			isa = XCConfigurationList;
			buildConfigurations = (
				4594ADB428D52A3D00CD2456 /* Debug */,
				4594ADB528D52A3D00CD2456 /* Release */,
			);
			defaultConfigurationIsVisible = 0;
			defaultConfigurationName = Release;
		};
/* End XCConfigurationList section */

/* Begin XCRemoteSwiftPackageReference section */
		4594ADB628D52B6200CD2456 /* XCRemoteSwiftPackageReference "SlideOverCard" */ = {
			isa = XCRemoteSwiftPackageReference;
			repositoryURL = "https://github.com/joogps/SlideOverCard";
			requirement = {
				kind = upToNextMajorVersion;
				minimumVersion = 2.0.0;
			};
		};
		4594ADC128D53BA400CD2456 /* XCRemoteSwiftPackageReference "BottomSheetView" */ = {
			isa = XCRemoteSwiftPackageReference;
			repositoryURL = "https://github.com/ericlewis/BottomSheetView.git";
			requirement = {
				kind = upToNextMajorVersion;
				minimumVersion = 1.0.0;
			};
		};
		4594ADC828D593B800CD2456 /* XCRemoteSwiftPackageReference "SFSafeSymbols" */ = {
			isa = XCRemoteSwiftPackageReference;
			repositoryURL = "https://github.com/SFSafeSymbols/SFSafeSymbols";
			requirement = {
				branch = stable;
				kind = branch;
			};
		};
		4594ADCF28D5BBE200CD2456 /* XCRemoteSwiftPackageReference "CodeScanner" */ = {
			isa = XCRemoteSwiftPackageReference;
			repositoryURL = "https://github.com/twostraws/CodeScanner";
			requirement = {
				kind = upToNextMajorVersion;
				minimumVersion = 2.0.0;
			};
		};
		4594ADEC28D5D23C00CD2456 /* XCRemoteSwiftPackageReference "firebase-ios-sdk" */ = {
			isa = XCRemoteSwiftPackageReference;
			repositoryURL = "https://github.com/firebase/firebase-ios-sdk.git";
			requirement = {
				kind = upToNextMajorVersion;
				minimumVersion = 9.0.0;
			};
		};
/* End XCRemoteSwiftPackageReference section */

/* Begin XCSwiftPackageProductDependency section */
		45417AB928D5DBBA00922F92 /* FirebaseFirestoreSwift */ = {
			isa = XCSwiftPackageProductDependency;
			package = 4594ADEC28D5D23C00CD2456 /* XCRemoteSwiftPackageReference "firebase-ios-sdk" */;
			productName = FirebaseFirestoreSwift;
		};
		4594ADB728D52B6200CD2456 /* SlideOverCard */ = {
			isa = XCSwiftPackageProductDependency;
			package = 4594ADB628D52B6200CD2456 /* XCRemoteSwiftPackageReference "SlideOverCard" */;
			productName = SlideOverCard;
		};
		4594ADC228D53BA400CD2456 /* PageSheet */ = {
			isa = XCSwiftPackageProductDependency;
			package = 4594ADC128D53BA400CD2456 /* XCRemoteSwiftPackageReference "BottomSheetView" */;
			productName = PageSheet;
		};
		4594ADC928D593B800CD2456 /* SFSafeSymbols */ = {
			isa = XCSwiftPackageProductDependency;
			package = 4594ADC828D593B800CD2456 /* XCRemoteSwiftPackageReference "SFSafeSymbols" */;
			productName = SFSafeSymbols;
		};
		4594ADD028D5BBE200CD2456 /* CodeScanner */ = {
			isa = XCSwiftPackageProductDependency;
			package = 4594ADCF28D5BBE200CD2456 /* XCRemoteSwiftPackageReference "CodeScanner" */;
			productName = CodeScanner;
		};
		4594ADED28D5D23C00CD2456 /* FirebaseFirestore */ = {
			isa = XCSwiftPackageProductDependency;
			package = 4594ADEC28D5D23C00CD2456 /* XCRemoteSwiftPackageReference "firebase-ios-sdk" */;
			productName = FirebaseFirestore;
		};
/* End XCSwiftPackageProductDependency section */
	};
	rootObject = 4594AD9D28D52A3C00CD2456 /* Project object */;
}
