{
  "pins" : [
    {
      "identity" : "bottomsheetview",
      "kind" : "remoteSourceControl",
      "location" : "https://github.com/ericlewis/BottomSheetView.git",
      "state" : {
        "revision" : "3a2dd57c136ab173d7bc3baea78fc07454762375",
        "version" : "1.2.5"
      }
    },
    {
      "identity" : "sfsafesymbols",
      "kind" : "remoteSourceControl",
      "location" : "https://github.com/SFSafeSymbols/SFSafeSymbols",
      "state" : {
        "branch" : "stable",
        "revision" : "50bc33264e6c0972f905b61af656201cf6091de8"
      }
    },
    {
      "identity" : "slideovercard",
      "kind" : "remoteSourceControl",
      "location" : "https://github.com/joogps/SlideOverCard",
      "state" : {
        "revision" : "98af5370e49d3d51efb387aacee0245ec656e32b",
        "version" : "2.1.0"
      }
    },
    {
      "identity" : "viewmodifierbuilder",
      "kind" : "remoteSourceControl",
      "location" : "https://github.com/ericlewis/ViewModifierBuilder",
      "state" : {
        "revision" : "2537f7a6fa12408ff1d9672cfadd5bb5f1546db7",
        "version" : "0.9.0"
      }
    }
  ],
  "version" : 2
}
